// !$*UTF8*$!
{
	archiveVersion = 1;
	classes = {
	};
	objectVersion = 56;
	objects = {

/* Begin PBXBuildFile section */
		092AE3202D51252A0055BDBB /* ContentView.swift in Sources */ = {isa = PBXBuildFile; fileRef = 092AE31F2D51252A0055BDBB /* ContentView.swift */; };
		092AE3222D51252C0055BDBB /* Assets.xcassets in Resources */ = {isa = PBXBuildFile; fileRef = 092AE3212D51252C0055BDBB /* Assets.xcassets */; };
		092AE3252D51252C0055BDBB /* Preview Assets.xcassets in Resources */ = {isa = PBXBuildFile; fileRef = 092AE3242D51252C0055BDBB /* Preview Assets.xcassets */; };
		092AE32C2D512A6B0055BDBB /* GoogleService-Info.plist in Resources */ = {isa = PBXBuildFile; fileRef = 092AE32B2D512A6B0055BDBB /* GoogleService-Info.plist */; };
		092AE3782D512E7D0055BDBB /* Appwrite in Frameworks */ = {isa = PBXBuildFile; productRef = 092AE3772D512E7D0055BDBB /* Appwrite */; };
		0964E8CD2D5809140049E2F1 /* HapticManager.swift in Sources */ = {isa = PBXBuildFile; fileRef = 0964E8CC2D5809140049E2F1 /* HapticManager.swift */; };
		096E49EB2D5511C600CBCDCC /* DevContentView.swift in Sources */ = {isa = PBXBuildFile; fileRef = 096E49EA2D5511C600CBCDCC /* DevContentView.swift */; };
		096E49EF2D5511CE00CBCDCC /* DevCustomVideoPlayer.swift in Sources */ = {isa = PBXBuildFile; fileRef = 096E49EC2D5511CE00CBCDCC /* DevCustomVideoPlayer.swift */; };
		096E49F02D5511CE00CBCDCC /* Home.swift in Sources */ = {isa = PBXBuildFile; fileRef = 096E49ED2D5511CE00CBCDCC /* Home.swift */; };
		096E49F12D5511CE00CBCDCC /* ReelView.swift in Sources */ = {isa = PBXBuildFile; fileRef = 096E49EE2D5511CE00CBCDCC /* ReelView.swift */; };
		096E49F72D5514C000CBCDCC /* Reel.swift in Sources */ = {isa = PBXBuildFile; fileRef = 096E49F52D5514C000CBCDCC /* Reel.swift */; };
		096E49F82D5514C000CBCDCC /* Like.swift in Sources */ = {isa = PBXBuildFile; fileRef = 096E49F62D5514C000CBCDCC /* Like.swift */; };
		096E49FA2D5514DF00CBCDCC /* OffsetKey.swift in Sources */ = {isa = PBXBuildFile; fileRef = 096E49F92D5514DF00CBCDCC /* OffsetKey.swift */; };
		096E49FC2D551A0D00CBCDCC /* ReelLoader.swift in Sources */ = {isa = PBXBuildFile; fileRef = 096E49FB2D551A0D00CBCDCC /* ReelLoader.swift */; };
		096E4A052D55697700CBCDCC /* FeedSelectorBadge.swift in Sources */ = {isa = PBXBuildFile; fileRef = 096E4A042D55697700CBCDCC /* FeedSelectorBadge.swift */; };
		096E4A072D55741400CBCDCC /* FeedActionItems.swift in Sources */ = {isa = PBXBuildFile; fileRef = 096E4A062D55741400CBCDCC /* FeedActionItems.swift */; };
		096E4A0A2D55DE3500CBCDCC /* FriendSheet.swift in Sources */ = {isa = PBXBuildFile; fileRef = 096E4A092D55DE3500CBCDCC /* FriendSheet.swift */; };
		096E4A0D2D55F76F00CBCDCC /* Kingfisher in Frameworks */ = {isa = PBXBuildFile; productRef = 096E4A0C2D55F76F00CBCDCC /* Kingfisher */; };
		096E4A0F2D56013F00CBCDCC /* ProfileSheet.swift in Sources */ = {isa = PBXBuildFile; fileRef = 096E4A0E2D56013F00CBCDCC /* ProfileSheet.swift */; };
		0997F9582D56D1AB00013532 /* RecordingProcessingView.swift in Sources */ = {isa = PBXBuildFile; fileRef = 0997F9572D56D1AB00013532 /* RecordingProcessingView.swift */; };
		09C593752D53DAB00052DCF2 /* VideoSchema.swift in Sources */ = {isa = PBXBuildFile; fileRef = 09C593742D53DAB00052DCF2 /* VideoSchema.swift */; };
		09C593772D53DB1B0052DCF2 /* VideoMetadataView.swift in Sources */ = {isa = PBXBuildFile; fileRef = 09C593762D53DB1B0052DCF2 /* VideoMetadataView.swift */; };
		09C593792D53DB5D0052DCF2 /* UserSchema.swift in Sources */ = {isa = PBXBuildFile; fileRef = 09C593782D53DB5D0052DCF2 /* UserSchema.swift */; };
		09CB10672D513C5B00AD5446 /* NavigationState.swift in Sources */ = {isa = PBXBuildFile; fileRef = 09CB105B2D513C5A00AD5446 /* NavigationState.swift */; };
		09CB10692D513C5B00AD5446 /* cliprApp.swift in Sources */ = {isa = PBXBuildFile; fileRef = 09CB105E2D513C5B00AD5446 /* cliprApp.swift */; };
		09CB106A2D513C5B00AD5446 /* Appwrite.swift in Sources */ = {isa = PBXBuildFile; fileRef = 09CB105F2D513C5B00AD5446 /* Appwrite.swift */; };
		09CB106C2D513C5B00AD5446 /* MainTabView.swift in Sources */ = {isa = PBXBuildFile; fileRef = 09CB10612D513C5B00AD5446 /* MainTabView.swift */; };
		09CB106D2D513C5B00AD5446 /* CameraView.swift in Sources */ = {isa = PBXBuildFile; fileRef = 09CB10622D513C5B00AD5446 /* CameraView.swift */; };
		09CB106E2D513C5B00AD5446 /* ProfileView.swift in Sources */ = {isa = PBXBuildFile; fileRef = 09CB10632D513C5B00AD5446 /* ProfileView.swift */; };
		09CB106F2D513C5B00AD5446 /* FeedView.swift in Sources */ = {isa = PBXBuildFile; fileRef = 09CB10642D513C5B00AD5446 /* FeedView.swift */; };
		09CB10752D5152F200AD5446 /* CameraManager.swift in Sources */ = {isa = PBXBuildFile; fileRef = 09CB10742D5152F200AD5446 /* CameraManager.swift */; };
		09CB10792D51538800AD5446 /* CameraPreviewView.swift in Sources */ = {isa = PBXBuildFile; fileRef = 09CB10762D51538800AD5446 /* CameraPreviewView.swift */; };
		09CB107A2D51538800AD5446 /* CIImage+Extension.swift in Sources */ = {isa = PBXBuildFile; fileRef = 09CB10772D51538800AD5446 /* CIImage+Extension.swift */; };
		09CB107B2D51538800AD5446 /* CMSampleBuffer+Extension.swift in Sources */ = {isa = PBXBuildFile; fileRef = 09CB10782D51538800AD5446 /* CMSampleBuffer+Extension.swift */; };
		09CB107D2D5153A600AD5446 /* CameraViewModel.swift in Sources */ = {isa = PBXBuildFile; fileRef = 09CB107C2D5153A600AD5446 /* CameraViewModel.swift */; };
		09CB107F2D51663D00AD5446 /* RecordButton.swift in Sources */ = {isa = PBXBuildFile; fileRef = 09CB107E2D51663D00AD5446 /* RecordButton.swift */; };
		09CB10812D51995700AD5446 /* AppwriteManager.swift in Sources */ = {isa = PBXBuildFile; fileRef = 09CB10802D51995700AD5446 /* AppwriteManager.swift */; };
		09CB10852D51A46800AD5446 /* VideoConversion.swift in Sources */ = {isa = PBXBuildFile; fileRef = 09CB10842D51A46800AD5446 /* VideoConversion.swift */; };
		09E1EEE82D526C5500516887 /* VideoCell.swift in Sources */ = {isa = PBXBuildFile; fileRef = 09E1EEE72D526C5500516887 /* VideoCell.swift */; };
		09E1EEEA2D526E6500516887 /* VideoLoadingManager.swift in Sources */ = {isa = PBXBuildFile; fileRef = 09E1EEE92D526E6500516887 /* VideoLoadingManager.swift */; };
		09E1EEED2D52ABFA00516887 /* ColorPalette.swift in Sources */ = {isa = PBXBuildFile; fileRef = 09E1EEEC2D52ABFA00516887 /* ColorPalette.swift */; };
		09E1EEF42D52EB9300516887 /* ImagePicker.swift in Sources */ = {isa = PBXBuildFile; fileRef = 09E1EEF32D52EB9200516887 /* ImagePicker.swift */; };
		09E1EEF92D52EB9A00516887 /* OnboardingFlowView.swift in Sources */ = {isa = PBXBuildFile; fileRef = 09E1EEF62D52EB9A00516887 /* OnboardingFlowView.swift */; };
		09E1EEFA2D52EB9A00516887 /* OnboardingDetailsView.swift in Sources */ = {isa = PBXBuildFile; fileRef = 09E1EEF72D52EB9A00516887 /* OnboardingDetailsView.swift */; };
		09E1EEFB2D52EB9A00516887 /* OnboardingPhoneAuthView.swift in Sources */ = {isa = PBXBuildFile; fileRef = 09E1EEF82D52EB9A00516887 /* OnboardingPhoneAuthView.swift */; };
		09E1EF022D530DE100516887 /* OnboardingSymbolView.swift in Sources */ = {isa = PBXBuildFile; fileRef = 09E1EF002D530DE100516887 /* OnboardingSymbolView.swift */; };
		09E1EF032D530DE100516887 /* PageIndicator.swift in Sources */ = {isa = PBXBuildFile; fileRef = 09E1EF012D530DE100516887 /* PageIndicator.swift */; };
		09E1EF062D530DFD00516887 /* OnboardingIntroView.swift in Sources */ = {isa = PBXBuildFile; fileRef = 09E1EF042D530DFD00516887 /* OnboardingIntroView.swift */; };
		09E1EF072D530DFD00516887 /* OnboardingPage.swift in Sources */ = {isa = PBXBuildFile; fileRef = 09E1EF052D530DFD00516887 /* OnboardingPage.swift */; };
		09E1EF092D530E3E00516887 /* MorphingSymbolView.swift in Sources */ = {isa = PBXBuildFile; fileRef = 09E1EF082D530E3E00516887 /* MorphingSymbolView.swift */; };
		09E1EF0E2D53156700516887 /* StylizedInputField.swift in Sources */ = {isa = PBXBuildFile; fileRef = 09E1EF0D2D53156700516887 /* StylizedInputField.swift */; };
		09E1EF102D53BEAF00516887 /* VideoPreviewView.swift in Sources */ = {isa = PBXBuildFile; fileRef = 09E1EF0F2D53BEAE00516887 /* VideoPreviewView.swift */; };
/* End PBXBuildFile section */

/* Begin PBXFileReference section */
		092AE31A2D51252A0055BDBB /* clipr.app */ = {isa = PBXFileReference; explicitFileType = wrapper.application; includeInIndex = 0; path = clipr.app; sourceTree = BUILT_PRODUCTS_DIR; };
		092AE31F2D51252A0055BDBB /* ContentView.swift */ = {isa = PBXFileReference; lastKnownFileType = sourcecode.swift; path = ContentView.swift; sourceTree = "<group>"; };
		092AE3212D51252C0055BDBB /* Assets.xcassets */ = {isa = PBXFileReference; lastKnownFileType = folder.assetcatalog; path = Assets.xcassets; sourceTree = "<group>"; };
		092AE3242D51252C0055BDBB /* Preview Assets.xcassets */ = {isa = PBXFileReference; lastKnownFileType = folder.assetcatalog; path = "Preview Assets.xcassets"; sourceTree = "<group>"; };
		092AE32B2D512A6B0055BDBB /* GoogleService-Info.plist */ = {isa = PBXFileReference; fileEncoding = 4; lastKnownFileType = text.plist.xml; path = "GoogleService-Info.plist"; sourceTree = "<group>"; };
		0964E8CC2D5809140049E2F1 /* HapticManager.swift */ = {isa = PBXFileReference; fileEncoding = 4; lastKnownFileType = sourcecode.swift; path = HapticManager.swift; sourceTree = "<group>"; };
		096E49EA2D5511C600CBCDCC /* DevContentView.swift */ = {isa = PBXFileReference; fileEncoding = 4; lastKnownFileType = sourcecode.swift; path = DevContentView.swift; sourceTree = "<group>"; };
		096E49EC2D5511CE00CBCDCC /* DevCustomVideoPlayer.swift */ = {isa = PBXFileReference; fileEncoding = 4; lastKnownFileType = sourcecode.swift; path = DevCustomVideoPlayer.swift; sourceTree = "<group>"; };
		096E49ED2D5511CE00CBCDCC /* Home.swift */ = {isa = PBXFileReference; fileEncoding = 4; lastKnownFileType = sourcecode.swift; path = Home.swift; sourceTree = "<group>"; };
		096E49EE2D5511CE00CBCDCC /* ReelView.swift */ = {isa = PBXFileReference; fileEncoding = 4; lastKnownFileType = sourcecode.swift; path = ReelView.swift; sourceTree = "<group>"; };
		096E49F52D5514C000CBCDCC /* Reel.swift */ = {isa = PBXFileReference; fileEncoding = 4; lastKnownFileType = sourcecode.swift; path = Reel.swift; sourceTree = "<group>"; };
		096E49F62D5514C000CBCDCC /* Like.swift */ = {isa = PBXFileReference; fileEncoding = 4; lastKnownFileType = sourcecode.swift; path = Like.swift; sourceTree = "<group>"; };
		096E49F92D5514DF00CBCDCC /* OffsetKey.swift */ = {isa = PBXFileReference; fileEncoding = 4; lastKnownFileType = sourcecode.swift; path = OffsetKey.swift; sourceTree = "<group>"; };
		096E49FB2D551A0D00CBCDCC /* ReelLoader.swift */ = {isa = PBXFileReference; fileEncoding = 4; lastKnownFileType = sourcecode.swift; path = ReelLoader.swift; sourceTree = "<group>"; };
		096E4A042D55697700CBCDCC /* FeedSelectorBadge.swift */ = {isa = PBXFileReference; lastKnownFileType = sourcecode.swift; path = FeedSelectorBadge.swift; sourceTree = "<group>"; };
		096E4A062D55741400CBCDCC /* FeedActionItems.swift */ = {isa = PBXFileReference; lastKnownFileType = sourcecode.swift; path = FeedActionItems.swift; sourceTree = "<group>"; };
		096E4A092D55DE3500CBCDCC /* FriendSheet.swift */ = {isa = PBXFileReference; lastKnownFileType = sourcecode.swift; path = FriendSheet.swift; sourceTree = "<group>"; };
		096E4A0E2D56013F00CBCDCC /* ProfileSheet.swift */ = {isa = PBXFileReference; lastKnownFileType = sourcecode.swift; path = ProfileSheet.swift; sourceTree = "<group>"; };
		0997F9572D56D1AB00013532 /* RecordingProcessingView.swift */ = {isa = PBXFileReference; lastKnownFileType = sourcecode.swift; path = RecordingProcessingView.swift; sourceTree = "<group>"; };
		09C593742D53DAB00052DCF2 /* VideoSchema.swift */ = {isa = PBXFileReference; lastKnownFileType = sourcecode.swift; path = VideoSchema.swift; sourceTree = "<group>"; };
		09C593762D53DB1B0052DCF2 /* VideoMetadataView.swift */ = {isa = PBXFileReference; lastKnownFileType = sourcecode.swift; path = VideoMetadataView.swift; sourceTree = "<group>"; };
		09C593782D53DB5D0052DCF2 /* UserSchema.swift */ = {isa = PBXFileReference; lastKnownFileType = sourcecode.swift; path = UserSchema.swift; sourceTree = "<group>"; };
		09CB105B2D513C5A00AD5446 /* NavigationState.swift */ = {isa = PBXFileReference; fileEncoding = 4; lastKnownFileType = sourcecode.swift; path = NavigationState.swift; sourceTree = "<group>"; };
		09CB105E2D513C5B00AD5446 /* cliprApp.swift */ = {isa = PBXFileReference; fileEncoding = 4; lastKnownFileType = sourcecode.swift; path = cliprApp.swift; sourceTree = "<group>"; };
		09CB105F2D513C5B00AD5446 /* Appwrite.swift */ = {isa = PBXFileReference; fileEncoding = 4; lastKnownFileType = sourcecode.swift; path = Appwrite.swift; sourceTree = "<group>"; };
		09CB10612D513C5B00AD5446 /* MainTabView.swift */ = {isa = PBXFileReference; fileEncoding = 4; lastKnownFileType = sourcecode.swift; path = MainTabView.swift; sourceTree = "<group>"; };
		09CB10622D513C5B00AD5446 /* CameraView.swift */ = {isa = PBXFileReference; fileEncoding = 4; lastKnownFileType = sourcecode.swift; path = CameraView.swift; sourceTree = "<group>"; };
		09CB10632D513C5B00AD5446 /* ProfileView.swift */ = {isa = PBXFileReference; fileEncoding = 4; lastKnownFileType = sourcecode.swift; path = ProfileView.swift; sourceTree = "<group>"; };
		09CB10642D513C5B00AD5446 /* FeedView.swift */ = {isa = PBXFileReference; fileEncoding = 4; lastKnownFileType = sourcecode.swift; path = FeedView.swift; sourceTree = "<group>"; };
		09CB10742D5152F200AD5446 /* CameraManager.swift */ = {isa = PBXFileReference; fileEncoding = 4; lastKnownFileType = sourcecode.swift; path = CameraManager.swift; sourceTree = "<group>"; };
		09CB10762D51538800AD5446 /* CameraPreviewView.swift */ = {isa = PBXFileReference; fileEncoding = 4; lastKnownFileType = sourcecode.swift; path = CameraPreviewView.swift; sourceTree = "<group>"; };
		09CB10772D51538800AD5446 /* CIImage+Extension.swift */ = {isa = PBXFileReference; fileEncoding = 4; lastKnownFileType = sourcecode.swift; path = "CIImage+Extension.swift"; sourceTree = "<group>"; };
		09CB10782D51538800AD5446 /* CMSampleBuffer+Extension.swift */ = {isa = PBXFileReference; fileEncoding = 4; lastKnownFileType = sourcecode.swift; path = "CMSampleBuffer+Extension.swift"; sourceTree = "<group>"; };
		09CB107C2D5153A600AD5446 /* CameraViewModel.swift */ = {isa = PBXFileReference; fileEncoding = 4; lastKnownFileType = sourcecode.swift; path = CameraViewModel.swift; sourceTree = "<group>"; };
		09CB107E2D51663D00AD5446 /* RecordButton.swift */ = {isa = PBXFileReference; fileEncoding = 4; lastKnownFileType = sourcecode.swift; path = RecordButton.swift; sourceTree = "<group>"; };
		09CB10802D51995700AD5446 /* AppwriteManager.swift */ = {isa = PBXFileReference; fileEncoding = 4; lastKnownFileType = sourcecode.swift; path = AppwriteManager.swift; sourceTree = "<group>"; };
		09CB10842D51A46800AD5446 /* VideoConversion.swift */ = {isa = PBXFileReference; fileEncoding = 4; lastKnownFileType = sourcecode.swift; path = VideoConversion.swift; sourceTree = "<group>"; };
		09E1EEE72D526C5500516887 /* VideoCell.swift */ = {isa = PBXFileReference; fileEncoding = 4; lastKnownFileType = sourcecode.swift; path = VideoCell.swift; sourceTree = "<group>"; };
		09E1EEE92D526E6500516887 /* VideoLoadingManager.swift */ = {isa = PBXFileReference; fileEncoding = 4; lastKnownFileType = sourcecode.swift; path = VideoLoadingManager.swift; sourceTree = "<group>"; };
		09E1EEEC2D52ABFA00516887 /* ColorPalette.swift */ = {isa = PBXFileReference; fileEncoding = 4; lastKnownFileType = sourcecode.swift; path = ColorPalette.swift; sourceTree = "<group>"; };
		09E1EEF32D52EB9200516887 /* ImagePicker.swift */ = {isa = PBXFileReference; fileEncoding = 4; lastKnownFileType = sourcecode.swift; path = ImagePicker.swift; sourceTree = "<group>"; };
		09E1EEF62D52EB9A00516887 /* OnboardingFlowView.swift */ = {isa = PBXFileReference; fileEncoding = 4; lastKnownFileType = sourcecode.swift; path = OnboardingFlowView.swift; sourceTree = "<group>"; };
		09E1EEF72D52EB9A00516887 /* OnboardingDetailsView.swift */ = {isa = PBXFileReference; fileEncoding = 4; lastKnownFileType = sourcecode.swift; path = OnboardingDetailsView.swift; sourceTree = "<group>"; };
		09E1EEF82D52EB9A00516887 /* OnboardingPhoneAuthView.swift */ = {isa = PBXFileReference; fileEncoding = 4; lastKnownFileType = sourcecode.swift; path = OnboardingPhoneAuthView.swift; sourceTree = "<group>"; };
		09E1EF002D530DE100516887 /* OnboardingSymbolView.swift */ = {isa = PBXFileReference; fileEncoding = 4; lastKnownFileType = sourcecode.swift; path = OnboardingSymbolView.swift; sourceTree = "<group>"; };
		09E1EF012D530DE100516887 /* PageIndicator.swift */ = {isa = PBXFileReference; fileEncoding = 4; lastKnownFileType = sourcecode.swift; path = PageIndicator.swift; sourceTree = "<group>"; };
		09E1EF042D530DFD00516887 /* OnboardingIntroView.swift */ = {isa = PBXFileReference; fileEncoding = 4; lastKnownFileType = sourcecode.swift; path = OnboardingIntroView.swift; sourceTree = "<group>"; };
		09E1EF052D530DFD00516887 /* OnboardingPage.swift */ = {isa = PBXFileReference; fileEncoding = 4; lastKnownFileType = sourcecode.swift; path = OnboardingPage.swift; sourceTree = "<group>"; };
		09E1EF082D530E3E00516887 /* MorphingSymbolView.swift */ = {isa = PBXFileReference; fileEncoding = 4; lastKnownFileType = sourcecode.swift; path = MorphingSymbolView.swift; sourceTree = "<group>"; };
		09E1EF0D2D53156700516887 /* StylizedInputField.swift */ = {isa = PBXFileReference; fileEncoding = 4; lastKnownFileType = sourcecode.swift; path = StylizedInputField.swift; sourceTree = "<group>"; };
		09E1EF0F2D53BEAE00516887 /* VideoPreviewView.swift */ = {isa = PBXFileReference; fileEncoding = 4; lastKnownFileType = sourcecode.swift; path = VideoPreviewView.swift; sourceTree = "<group>"; };
/* End PBXFileReference section */

/* Begin PBXFrameworksBuildPhase section */
		092AE3172D51252A0055BDBB /* Frameworks */ = {
			isa = PBXFrameworksBuildPhase;
			buildActionMask = 2147483647;
			files = (
				096E4A0D2D55F76F00CBCDCC /* Kingfisher in Frameworks */,
				092AE3782D512E7D0055BDBB /* Appwrite in Frameworks */,
			);
			runOnlyForDeploymentPostprocessing = 0;
		};
/* End PBXFrameworksBuildPhase section */

/* Begin PBXGroup section */
		092AE3112D51252A0055BDBB = {
			isa = PBXGroup;
			children = (
				092AE31C2D51252A0055BDBB /* clipr */,
				092AE31B2D51252A0055BDBB /* Products */,
			);
			sourceTree = "<group>";
		};
		092AE31B2D51252A0055BDBB /* Products */ = {
			isa = PBXGroup;
			children = (
				092AE31A2D51252A0055BDBB /* clipr.app */,
			);
			name = Products;
			sourceTree = "<group>";
		};
		092AE31C2D51252A0055BDBB /* clipr */ = {
			isa = PBXGroup;
			children = (
				09E1EEFE2D530B4200516887 /* dev */,
				09E1EEF52D52EB9A00516887 /* Onboarding */,
				09E1EEEF2D52AC6300516887 /* camera */,
				09E1EEF02D52ACA400516887 /* feed */,
				09E1EEEE2D52AC3C00516887 /* db */,
				09E1EEEB2D52ABFA00516887 /* utils */,
				09CB105E2D513C5B00AD5446 /* cliprApp.swift */,
				092AE31F2D51252A0055BDBB /* ContentView.swift */,
				09CB10612D513C5B00AD5446 /* MainTabView.swift */,
				09CB105B2D513C5A00AD5446 /* NavigationState.swift */,
				09CB10632D513C5B00AD5446 /* ProfileView.swift */,
				092AE32B2D512A6B0055BDBB /* GoogleService-Info.plist */,
				092AE3212D51252C0055BDBB /* Assets.xcassets */,
				092AE3232D51252C0055BDBB /* Preview Content */,
			);
			path = clipr;
			sourceTree = "<group>";
		};
		092AE3232D51252C0055BDBB /* Preview Content */ = {
			isa = PBXGroup;
			children = (
				092AE3242D51252C0055BDBB /* Preview Assets.xcassets */,
			);
			path = "Preview Content";
			sourceTree = "<group>";
		};
		096E49F42D5514B100CBCDCC /* model */ = {
			isa = PBXGroup;
			children = (
				096E49F62D5514C000CBCDCC /* Like.swift */,
				096E49F52D5514C000CBCDCC /* Reel.swift */,
				096E49FB2D551A0D00CBCDCC /* ReelLoader.swift */,
			);
			path = model;
			sourceTree = "<group>";
		};
		096E4A082D55DD1A00CBCDCC /* sheets */ = {
			isa = PBXGroup;
			children = (
				096E4A092D55DE3500CBCDCC /* FriendSheet.swift */,
				096E4A0E2D56013F00CBCDCC /* ProfileSheet.swift */,
			);
			path = sheets;
			sourceTree = "<group>";
		};
		09E1EEEB2D52ABFA00516887 /* utils */ = {
			isa = PBXGroup;
			children = (
				0964E8CC2D5809140049E2F1 /* HapticManager.swift */,
				09E1EEF32D52EB9200516887 /* ImagePicker.swift */,
				09E1EEEC2D52ABFA00516887 /* ColorPalette.swift */,
			);
			path = utils;
			sourceTree = "<group>";
		};
		09E1EEEE2D52AC3C00516887 /* db */ = {
			isa = PBXGroup;
			children = (
				09C593742D53DAB00052DCF2 /* VideoSchema.swift */,
				09CB10802D51995700AD5446 /* AppwriteManager.swift */,
				09CB105F2D513C5B00AD5446 /* Appwrite.swift */,
				09C593782D53DB5D0052DCF2 /* UserSchema.swift */,
			);
			path = db;
			sourceTree = "<group>";
		};
		09E1EEEF2D52AC6300516887 /* camera */ = {
			isa = PBXGroup;
			children = (
				09E1EF0F2D53BEAE00516887 /* VideoPreviewView.swift */,
				09CB10842D51A46800AD5446 /* VideoConversion.swift */,
				09CB107E2D51663D00AD5446 /* RecordButton.swift */,
				09CB10782D51538800AD5446 /* CMSampleBuffer+Extension.swift */,
				09CB107C2D5153A600AD5446 /* CameraViewModel.swift */,
				09CB10622D513C5B00AD5446 /* CameraView.swift */,
				09CB10772D51538800AD5446 /* CIImage+Extension.swift */,
				09CB10762D51538800AD5446 /* CameraPreviewView.swift */,
				09CB10742D5152F200AD5446 /* CameraManager.swift */,
				0997F9572D56D1AB00013532 /* RecordingProcessingView.swift */,
			);
			path = camera;
			sourceTree = "<group>";
		};
		09E1EEF02D52ACA400516887 /* feed */ = {
			isa = PBXGroup;
			children = (
				096E4A082D55DD1A00CBCDCC /* sheets */,
				09E1EEE92D526E6500516887 /* VideoLoadingManager.swift */,
				09E1EEE72D526C5500516887 /* VideoCell.swift */,
				09CB10642D513C5B00AD5446 /* FeedView.swift */,
				096E4A042D55697700CBCDCC /* FeedSelectorBadge.swift */,
				09C593762D53DB1B0052DCF2 /* VideoMetadataView.swift */,
				096E4A062D55741400CBCDCC /* FeedActionItems.swift */,
			);
			path = feed;
			sourceTree = "<group>";
		};
		09E1EEF52D52EB9A00516887 /* Onboarding */ = {
			isa = PBXGroup;
			children = (
				09E1EEFF2D530DE100516887 /* Components */,
				09E1EEF62D52EB9A00516887 /* OnboardingFlowView.swift */,
				09E1EEF72D52EB9A00516887 /* OnboardingDetailsView.swift */,
				09E1EF082D530E3E00516887 /* MorphingSymbolView.swift */,
				09E1EF042D530DFD00516887 /* OnboardingIntroView.swift */,
				09E1EF052D530DFD00516887 /* OnboardingPage.swift */,
				09E1EEF82D52EB9A00516887 /* OnboardingPhoneAuthView.swift */,
			);
			path = Onboarding;
			sourceTree = "<group>";
		};
		09E1EEFE2D530B4200516887 /* dev */ = {
			isa = PBXGroup;
			children = (
				096E49F42D5514B100CBCDCC /* model */,
				096E49EC2D5511CE00CBCDCC /* DevCustomVideoPlayer.swift */,
				096E49ED2D5511CE00CBCDCC /* Home.swift */,
				096E49F92D5514DF00CBCDCC /* OffsetKey.swift */,
				096E49EE2D5511CE00CBCDCC /* ReelView.swift */,
				096E49EA2D5511C600CBCDCC /* DevContentView.swift */,
			);
			path = dev;
			sourceTree = "<group>";
		};
		09E1EEFF2D530DE100516887 /* Components */ = {
			isa = PBXGroup;
			children = (
				09E1EF0D2D53156700516887 /* StylizedInputField.swift */,
				09E1EF002D530DE100516887 /* OnboardingSymbolView.swift */,
				09E1EF012D530DE100516887 /* PageIndicator.swift */,
			);
			path = Components;
			sourceTree = "<group>";
		};
/* End PBXGroup section */

/* Begin PBXNativeTarget section */
		092AE3192D51252A0055BDBB /* clipr */ = {
			isa = PBXNativeTarget;
			buildConfigurationList = 092AE3282D51252C0055BDBB /* Build configuration list for PBXNativeTarget "clipr" */;
			buildPhases = (
				092AE3162D51252A0055BDBB /* Sources */,
				092AE3172D51252A0055BDBB /* Frameworks */,
				092AE3182D51252A0055BDBB /* Resources */,
			);
			buildRules = (
			);
			dependencies = (
			);
			name = clipr;
			packageProductDependencies = (
				092AE3772D512E7D0055BDBB /* Appwrite */,
				096E4A0C2D55F76F00CBCDCC /* Kingfisher */,
			);
			productName = clipr;
			productReference = 092AE31A2D51252A0055BDBB /* clipr.app */;
			productType = "com.apple.product-type.application";
		};
/* End PBXNativeTarget section */

/* Begin PBXProject section */
		092AE3122D51252A0055BDBB /* Project object */ = {
			isa = PBXProject;
			attributes = {
				BuildIndependentTargetsInParallel = 1;
				LastSwiftUpdateCheck = 1520;
				LastUpgradeCheck = 1520;
				TargetAttributes = {
					092AE3192D51252A0055BDBB = {
						CreatedOnToolsVersion = 15.2;
					};
				};
			};
			buildConfigurationList = 092AE3152D51252A0055BDBB /* Build configuration list for PBXProject "clipr" */;
			compatibilityVersion = "Xcode 14.0";
			developmentRegion = en;
			hasScannedForEncodings = 0;
			knownRegions = (
				en,
				Base,
			);
			mainGroup = 092AE3112D51252A0055BDBB;
			packageReferences = (
				092AE3762D512E7D0055BDBB /* XCRemoteSwiftPackageReference "sdk-for-apple" */,
				096E4A0B2D55F76F00CBCDCC /* XCRemoteSwiftPackageReference "Kingfisher" */,
			);
			productRefGroup = 092AE31B2D51252A0055BDBB /* Products */;
			projectDirPath = "";
			projectRoot = "";
			targets = (
				092AE3192D51252A0055BDBB /* clipr */,
			);
		};
/* End PBXProject section */

/* Begin PBXResourcesBuildPhase section */
		092AE3182D51252A0055BDBB /* Resources */ = {
			isa = PBXResourcesBuildPhase;
			buildActionMask = 2147483647;
			files = (
				092AE3252D51252C0055BDBB /* Preview Assets.xcassets in Resources */,
				092AE3222D51252C0055BDBB /* Assets.xcassets in Resources */,
				092AE32C2D512A6B0055BDBB /* GoogleService-Info.plist in Resources */,
			);
			runOnlyForDeploymentPostprocessing = 0;
		};
/* End PBXResourcesBuildPhase section */

/* Begin PBXSourcesBuildPhase section */
		092AE3162D51252A0055BDBB /* Sources */ = {
			isa = PBXSourcesBuildPhase;
			buildActionMask = 2147483647;
			files = (
				096E49F82D5514C000CBCDCC /* Like.swift in Sources */,
				09E1EF062D530DFD00516887 /* OnboardingIntroView.swift in Sources */,
				09CB106F2D513C5B00AD5446 /* FeedView.swift in Sources */,
				09E1EEE82D526C5500516887 /* VideoCell.swift in Sources */,
				096E4A072D55741400CBCDCC /* FeedActionItems.swift in Sources */,
				09CB10752D5152F200AD5446 /* CameraManager.swift in Sources */,
				09CB107F2D51663D00AD5446 /* RecordButton.swift in Sources */,
				096E4A0F2D56013F00CBCDCC /* ProfileSheet.swift in Sources */,
				096E49EB2D5511C600CBCDCC /* DevContentView.swift in Sources */,
				09E1EF102D53BEAF00516887 /* VideoPreviewView.swift in Sources */,
				092AE3202D51252A0055BDBB /* ContentView.swift in Sources */,
				09CB106E2D513C5B00AD5446 /* ProfileView.swift in Sources */,
				09CB10692D513C5B00AD5446 /* cliprApp.swift in Sources */,
				09CB10672D513C5B00AD5446 /* NavigationState.swift in Sources */,
				09E1EEFB2D52EB9A00516887 /* OnboardingPhoneAuthView.swift in Sources */,
				09CB10812D51995700AD5446 /* AppwriteManager.swift in Sources */,
				096E49F72D5514C000CBCDCC /* Reel.swift in Sources */,
				09E1EEF92D52EB9A00516887 /* OnboardingFlowView.swift in Sources */,
				09E1EF032D530DE100516887 /* PageIndicator.swift in Sources */,
				096E4A0A2D55DE3500CBCDCC /* FriendSheet.swift in Sources */,
				09CB10852D51A46800AD5446 /* VideoConversion.swift in Sources */,
				09E1EF092D530E3E00516887 /* MorphingSymbolView.swift in Sources */,
				096E49EF2D5511CE00CBCDCC /* DevCustomVideoPlayer.swift in Sources */,
				09CB106A2D513C5B00AD5446 /* Appwrite.swift in Sources */,
				0997F9582D56D1AB00013532 /* RecordingProcessingView.swift in Sources */,
				09C593772D53DB1B0052DCF2 /* VideoMetadataView.swift in Sources */,
				09CB106C2D513C5B00AD5446 /* MainTabView.swift in Sources */,
				096E49FA2D5514DF00CBCDCC /* OffsetKey.swift in Sources */,
				09E1EEF42D52EB9300516887 /* ImagePicker.swift in Sources */,
				09E1EEFA2D52EB9A00516887 /* OnboardingDetailsView.swift in Sources */,
				09C593792D53DB5D0052DCF2 /* UserSchema.swift in Sources */,
				096E49F12D5511CE00CBCDCC /* ReelView.swift in Sources */,
				096E49FC2D551A0D00CBCDCC /* ReelLoader.swift in Sources */,
				09C593752D53DAB00052DCF2 /* VideoSchema.swift in Sources */,
				0964E8CD2D5809140049E2F1 /* HapticManager.swift in Sources */,
				09CB10792D51538800AD5446 /* CameraPreviewView.swift in Sources */,
				096E49F02D5511CE00CBCDCC /* Home.swift in Sources */,
				09E1EEED2D52ABFA00516887 /* ColorPalette.swift in Sources */,
				096E4A052D55697700CBCDCC /* FeedSelectorBadge.swift in Sources */,
				09E1EF022D530DE100516887 /* OnboardingSymbolView.swift in Sources */,
				09CB107A2D51538800AD5446 /* CIImage+Extension.swift in Sources */,
				09CB107B2D51538800AD5446 /* CMSampleBuffer+Extension.swift in Sources */,
				09CB107D2D5153A600AD5446 /* CameraViewModel.swift in Sources */,
				09E1EEEA2D526E6500516887 /* VideoLoadingManager.swift in Sources */,
				09CB106D2D513C5B00AD5446 /* CameraView.swift in Sources */,
				09E1EF072D530DFD00516887 /* OnboardingPage.swift in Sources */,
				09E1EF0E2D53156700516887 /* StylizedInputField.swift in Sources */,
			);
			runOnlyForDeploymentPostprocessing = 0;
		};
/* End PBXSourcesBuildPhase section */

/* Begin XCBuildConfiguration section */
		092AE3262D51252C0055BDBB /* Debug */ = {
			isa = XCBuildConfiguration;
			buildSettings = {
				ALWAYS_SEARCH_USER_PATHS = NO;
				ASSETCATALOG_COMPILER_GENERATE_SWIFT_ASSET_SYMBOL_EXTENSIONS = YES;
				CLANG_ANALYZER_NONNULL = YES;
				CLANG_ANALYZER_NUMBER_OBJECT_CONVERSION = YES_AGGRESSIVE;
				CLANG_CXX_LANGUAGE_STANDARD = "gnu++20";
				CLANG_ENABLE_MODULES = YES;
				CLANG_ENABLE_OBJC_ARC = YES;
				CLANG_ENABLE_OBJC_WEAK = YES;
				CLANG_WARN_BLOCK_CAPTURE_AUTORELEASING = YES;
				CLANG_WARN_BOOL_CONVERSION = YES;
				CLANG_WARN_COMMA = YES;
				CLANG_WARN_CONSTANT_CONVERSION = YES;
				CLANG_WARN_DEPRECATED_OBJC_IMPLEMENTATIONS = YES;
				CLANG_WARN_DIRECT_OBJC_ISA_USAGE = YES_ERROR;
				CLANG_WARN_DOCUMENTATION_COMMENTS = YES;
				CLANG_WARN_EMPTY_BODY = YES;
				CLANG_WARN_ENUM_CONVERSION = YES;
				CLANG_WARN_INFINITE_RECURSION = YES;
				CLANG_WARN_INT_CONVERSION = YES;
				CLANG_WARN_NON_LITERAL_NULL_CONVERSION = YES;
				CLANG_WARN_OBJC_IMPLICIT_RETAIN_SELF = YES;
				CLANG_WARN_OBJC_LITERAL_CONVERSION = YES;
				CLANG_WARN_OBJC_ROOT_CLASS = YES_ERROR;
				CLANG_WARN_QUOTED_INCLUDE_IN_FRAMEWORK_HEADER = YES;
				CLANG_WARN_RANGE_LOOP_ANALYSIS = YES;
				CLANG_WARN_STRICT_PROTOTYPES = YES;
				CLANG_WARN_SUSPICIOUS_MOVE = YES;
				CLANG_WARN_UNGUARDED_AVAILABILITY = YES_AGGRESSIVE;
				CLANG_WARN_UNREACHABLE_CODE = YES;
				CLANG_WARN__DUPLICATE_METHOD_MATCH = YES;
				COPY_PHASE_STRIP = NO;
				DEBUG_INFORMATION_FORMAT = dwarf;
				ENABLE_STRICT_OBJC_MSGSEND = YES;
				ENABLE_TESTABILITY = YES;
				ENABLE_USER_SCRIPT_SANDBOXING = YES;
				GCC_C_LANGUAGE_STANDARD = gnu17;
				GCC_DYNAMIC_NO_PIC = NO;
				GCC_NO_COMMON_BLOCKS = YES;
				GCC_OPTIMIZATION_LEVEL = 0;
				GCC_PREPROCESSOR_DEFINITIONS = (
					"DEBUG=1",
					"$(inherited)",
				);
				GCC_WARN_64_TO_32_BIT_CONVERSION = YES;
				GCC_WARN_ABOUT_RETURN_TYPE = YES_ERROR;
				GCC_WARN_UNDECLARED_SELECTOR = YES;
				GCC_WARN_UNINITIALIZED_AUTOS = YES_AGGRESSIVE;
				GCC_WARN_UNUSED_FUNCTION = YES;
				GCC_WARN_UNUSED_VARIABLE = YES;
				IPHONEOS_DEPLOYMENT_TARGET = 17.2;
				LOCALIZATION_PREFERS_STRING_CATALOGS = YES;
				MTL_ENABLE_DEBUG_INFO = INCLUDE_SOURCE;
				MTL_FAST_MATH = YES;
				ONLY_ACTIVE_ARCH = YES;
				SDKROOT = iphoneos;
				SWIFT_ACTIVE_COMPILATION_CONDITIONS = "DEBUG $(inherited)";
				SWIFT_OPTIMIZATION_LEVEL = "-Onone";
			};
			name = Debug;
		};
		092AE3272D51252C0055BDBB /* Release */ = {
			isa = XCBuildConfiguration;
			buildSettings = {
				ALWAYS_SEARCH_USER_PATHS = NO;
				ASSETCATALOG_COMPILER_GENERATE_SWIFT_ASSET_SYMBOL_EXTENSIONS = YES;
				CLANG_ANALYZER_NONNULL = YES;
				CLANG_ANALYZER_NUMBER_OBJECT_CONVERSION = YES_AGGRESSIVE;
				CLANG_CXX_LANGUAGE_STANDARD = "gnu++20";
				CLANG_ENABLE_MODULES = YES;
				CLANG_ENABLE_OBJC_ARC = YES;
				CLANG_ENABLE_OBJC_WEAK = YES;
				CLANG_WARN_BLOCK_CAPTURE_AUTORELEASING = YES;
				CLANG_WARN_BOOL_CONVERSION = YES;
				CLANG_WARN_COMMA = YES;
				CLANG_WARN_CONSTANT_CONVERSION = YES;
				CLANG_WARN_DEPRECATED_OBJC_IMPLEMENTATIONS = YES;
				CLANG_WARN_DIRECT_OBJC_ISA_USAGE = YES_ERROR;
				CLANG_WARN_DOCUMENTATION_COMMENTS = YES;
				CLANG_WARN_EMPTY_BODY = YES;
				CLANG_WARN_ENUM_CONVERSION = YES;
				CLANG_WARN_INFINITE_RECURSION = YES;
				CLANG_WARN_INT_CONVERSION = YES;
				CLANG_WARN_NON_LITERAL_NULL_CONVERSION = YES;
				CLANG_WARN_OBJC_IMPLICIT_RETAIN_SELF = YES;
				CLANG_WARN_OBJC_LITERAL_CONVERSION = YES;
				CLANG_WARN_OBJC_ROOT_CLASS = YES_ERROR;
				CLANG_WARN_QUOTED_INCLUDE_IN_FRAMEWORK_HEADER = YES;
				CLANG_WARN_RANGE_LOOP_ANALYSIS = YES;
				CLANG_WARN_STRICT_PROTOTYPES = YES;
				CLANG_WARN_SUSPICIOUS_MOVE = YES;
				CLANG_WARN_UNGUARDED_AVAILABILITY = YES_AGGRESSIVE;
				CLANG_WARN_UNREACHABLE_CODE = YES;
				CLANG_WARN__DUPLICATE_METHOD_MATCH = YES;
				COPY_PHASE_STRIP = NO;
				DEBUG_INFORMATION_FORMAT = "dwarf-with-dsym";
				ENABLE_NS_ASSERTIONS = NO;
				ENABLE_STRICT_OBJC_MSGSEND = YES;
				ENABLE_USER_SCRIPT_SANDBOXING = YES;
				GCC_C_LANGUAGE_STANDARD = gnu17;
				GCC_NO_COMMON_BLOCKS = YES;
				GCC_WARN_64_TO_32_BIT_CONVERSION = YES;
				GCC_WARN_ABOUT_RETURN_TYPE = YES_ERROR;
				GCC_WARN_UNDECLARED_SELECTOR = YES;
				GCC_WARN_UNINITIALIZED_AUTOS = YES_AGGRESSIVE;
				GCC_WARN_UNUSED_FUNCTION = YES;
				GCC_WARN_UNUSED_VARIABLE = YES;
				IPHONEOS_DEPLOYMENT_TARGET = 17.2;
				LOCALIZATION_PREFERS_STRING_CATALOGS = YES;
				MTL_ENABLE_DEBUG_INFO = NO;
				MTL_FAST_MATH = YES;
				SDKROOT = iphoneos;
				SWIFT_COMPILATION_MODE = wholemodule;
				VALIDATE_PRODUCT = YES;
			};
			name = Release;
		};
		092AE3292D51252C0055BDBB /* Debug */ = {
			isa = XCBuildConfiguration;
			buildSettings = {
				ASSETCATALOG_COMPILER_APPICON_NAME = AppIcon;
				ASSETCATALOG_COMPILER_GLOBAL_ACCENT_COLOR_NAME = AccentColor;
				CODE_SIGN_STYLE = Automatic;
				CURRENT_PROJECT_VERSION = 1;
				DEVELOPMENT_ASSET_PATHS = "\"clipr/Preview Content\"";
				DEVELOPMENT_TEAM = XT8BR8D9KG;
				ENABLE_PREVIEWS = YES;
				GENERATE_INFOPLIST_FILE = YES;
				INFOPLIST_KEY_LSApplicationCategoryType = "public.app-category.social-networking";
				INFOPLIST_KEY_NSCameraUsageDescription = "You'll need to allow camera access to take your first Clip. ";
				INFOPLIST_KEY_NSMicrophoneUsageDescription = "To record Clips with audio, you'll need to allow microphone access";
				INFOPLIST_KEY_NSPhotoLibraryAddUsageDescription = hi;
				INFOPLIST_KEY_NSPhotoLibraryUsageDescription = hello;
				INFOPLIST_KEY_UIApplicationSceneManifest_Generation = YES;
				INFOPLIST_KEY_UIApplicationSupportsIndirectInputEvents = YES;
				INFOPLIST_KEY_UILaunchScreen_Generation = YES;
				INFOPLIST_KEY_UISupportedInterfaceOrientations = UIInterfaceOrientationPortrait;
				INFOPLIST_KEY_UISupportedInterfaceOrientations_iPad = "UIInterfaceOrientationLandscapeLeft UIInterfaceOrientationLandscapeRight UIInterfaceOrientationPortrait UIInterfaceOrientationPortraitUpsideDown";
				IPHONEOS_DEPLOYMENT_TARGET = 17.0;
				LD_RUNPATH_SEARCH_PATHS = (
					"$(inherited)",
					"@executable_path/Frameworks",
				);
				MARKETING_VERSION = 1.0;
				PRODUCT_BUNDLE_IDENTIFIER = xyz.sb28.clipr;
				PRODUCT_NAME = "$(TARGET_NAME)";
				SUPPORTED_PLATFORMS = "iphoneos iphonesimulator";
				SUPPORTS_MACCATALYST = NO;
				SUPPORTS_MAC_DESIGNED_FOR_IPHONE_IPAD = NO;
				SUPPORTS_XR_DESIGNED_FOR_IPHONE_IPAD = NO;
				SWIFT_EMIT_LOC_STRINGS = YES;
				SWIFT_VERSION = 5.0;
				TARGETED_DEVICE_FAMILY = 1;
			};
			name = Debug;
		};
		092AE32A2D51252C0055BDBB /* Release */ = {
			isa = XCBuildConfiguration;
			buildSettings = {
				ASSETCATALOG_COMPILER_APPICON_NAME = AppIcon;
				ASSETCATALOG_COMPILER_GLOBAL_ACCENT_COLOR_NAME = AccentColor;
				CODE_SIGN_STYLE = Automatic;
				CURRENT_PROJECT_VERSION = 1;
				DEVELOPMENT_ASSET_PATHS = "\"clipr/Preview Content\"";
				DEVELOPMENT_TEAM = XT8BR8D9KG;
				ENABLE_PREVIEWS = YES;
				GENERATE_INFOPLIST_FILE = YES;
				INFOPLIST_KEY_LSApplicationCategoryType = "public.app-category.social-networking";
				INFOPLIST_KEY_NSCameraUsageDescription = "You'll need to allow camera access to take your first Clip. ";
				INFOPLIST_KEY_NSMicrophoneUsageDescription = "To record Clips with audio, you'll need to allow microphone access";
				INFOPLIST_KEY_NSPhotoLibraryAddUsageDescription = hi;
				INFOPLIST_KEY_NSPhotoLibraryUsageDescription = hello;
				INFOPLIST_KEY_UIApplicationSceneManifest_Generation = YES;
				INFOPLIST_KEY_UIApplicationSupportsIndirectInputEvents = YES;
				INFOPLIST_KEY_UILaunchScreen_Generation = YES;
				INFOPLIST_KEY_UISupportedInterfaceOrientations = UIInterfaceOrientationPortrait;
				INFOPLIST_KEY_UISupportedInterfaceOrientations_iPad = "UIInterfaceOrientationLandscapeLeft UIInterfaceOrientationLandscapeRight UIInterfaceOrientationPortrait UIInterfaceOrientationPortraitUpsideDown";
				IPHONEOS_DEPLOYMENT_TARGET = 17.0;
				LD_RUNPATH_SEARCH_PATHS = (
					"$(inherited)",
					"@executable_path/Frameworks",
				);
				MARKETING_VERSION = 1.0;
				PRODUCT_BUNDLE_IDENTIFIER = xyz.sb28.clipr;
				PRODUCT_NAME = "$(TARGET_NAME)";
				SUPPORTED_PLATFORMS = "iphoneos iphonesimulator";
				SUPPORTS_MACCATALYST = NO;
				SUPPORTS_MAC_DESIGNED_FOR_IPHONE_IPAD = NO;
				SUPPORTS_XR_DESIGNED_FOR_IPHONE_IPAD = NO;
				SWIFT_EMIT_LOC_STRINGS = YES;
				SWIFT_VERSION = 5.0;
				TARGETED_DEVICE_FAMILY = 1;
			};
			name = Release;
		};
/* End XCBuildConfiguration section */

/* Begin XCConfigurationList section */
		092AE3152D51252A0055BDBB /* Build configuration list for PBXProject "clipr" */ = {
			isa = XCConfigurationList;
			buildConfigurations = (
				092AE3262D51252C0055BDBB /* Debug */,
				092AE3272D51252C0055BDBB /* Release */,
			);
			defaultConfigurationIsVisible = 0;
			defaultConfigurationName = Release;
		};
		092AE3282D51252C0055BDBB /* Build configuration list for PBXNativeTarget "clipr" */ = {
			isa = XCConfigurationList;
			buildConfigurations = (
				092AE3292D51252C0055BDBB /* Debug */,
				092AE32A2D51252C0055BDBB /* Release */,
			);
			defaultConfigurationIsVisible = 0;
			defaultConfigurationName = Release;
		};
/* End XCConfigurationList section */

/* Begin XCRemoteSwiftPackageReference section */
		092AE3762D512E7D0055BDBB /* XCRemoteSwiftPackageReference "sdk-for-apple" */ = {
			isa = XCRemoteSwiftPackageReference;
			repositoryURL = "https://github.com/appwrite/sdk-for-apple";
			requirement = {
				kind = exactVersion;
				version = 7.0.0;
			};
		};
		096E4A0B2D55F76F00CBCDCC /* XCRemoteSwiftPackageReference "Kingfisher" */ = {
			isa = XCRemoteSwiftPackageReference;
			repositoryURL = "https://github.com/onevcat/Kingfisher.git";
			requirement = {
				kind = upToNextMajorVersion;
				minimumVersion = 8.2.0;
			};
		};
/* End XCRemoteSwiftPackageReference section */

/* Begin XCSwiftPackageProductDependency section */
		092AE3772D512E7D0055BDBB /* Appwrite */ = {
			isa = XCSwiftPackageProductDependency;
			package = 092AE3762D512E7D0055BDBB /* XCRemoteSwiftPackageReference "sdk-for-apple" */;
			productName = Appwrite;
		};
		096E4A0C2D55F76F00CBCDCC /* Kingfisher */ = {
			isa = XCSwiftPackageProductDependency;
			package = 096E4A0B2D55F76F00CBCDCC /* XCRemoteSwiftPackageReference "Kingfisher" */;
			productName = Kingfisher;
		};
/* End XCSwiftPackageProductDependency section */
	};
	rootObject = 092AE3122D51252A0055BDBB /* Project object */;
}
